// !$*UTF8*$!
{
	archiveVersion = 1;
	classes = {
	};
	objectVersion = 56;
	objects = {

/* Begin PBXBuildFile section */
		F7E942AD2A24F7C8007DC5B7 /* VariableBlurViewApp.swift in Sources */ = {isa = PBXBuildFile; fileRef = F7E942AC2A24F7C8007DC5B7 /* VariableBlurViewApp.swift */; };
		F7E942AF2A24F7C8007DC5B7 /* ContentView.swift in Sources */ = {isa = PBXBuildFile; fileRef = F7E942AE2A24F7C8007DC5B7 /* ContentView.swift */; };
		F7E942B12A24F7CA007DC5B7 /* Assets.xcassets in Resources */ = {isa = PBXBuildFile; fileRef = F7E942B02A24F7CA007DC5B7 /* Assets.xcassets */; };
		F7E942B42A24F7CA007DC5B7 /* Preview Assets.xcassets in Resources */ = {isa = PBXBuildFile; fileRef = F7E942B32A24F7CA007DC5B7 /* Preview Assets.xcassets */; };
/* End PBXBuildFile section */

/* Begin PBXFileReference section */
		F7E942A92A24F7C8007DC5B7 /* VariableBlurView.app */ = {isa = PBXFileReference; explicitFileType = wrapper.application; includeInIndex = 0; path = VariableBlurView.app; sourceTree = BUILT_PRODUCTS_DIR; };
		F7E942AC2A24F7C8007DC5B7 /* VariableBlurViewApp.swift */ = {isa = PBXFileReference; lastKnownFileType = sourcecode.swift; path = VariableBlurViewApp.swift; sourceTree = "<group>"; };
		F7E942AE2A24F7C8007DC5B7 /* ContentView.swift */ = {isa = PBXFileReference; lastKnownFileType = sourcecode.swift; path = ContentView.swift; sourceTree = "<group>"; };
		F7E942B02A24F7CA007DC5B7 /* Assets.xcassets */ = {isa = PBXFileReference; lastKnownFileType = folder.assetcatalog; path = Assets.xcassets; sourceTree = "<group>"; };
		F7E942B32A24F7CA007DC5B7 /* Preview Assets.xcassets */ = {isa = PBXFileReference; lastKnownFileType = folder.assetcatalog; path = "Preview Assets.xcassets"; sourceTree = "<group>"; };
		F7E942BC2A24F7F3007DC5B7 /* VariableBlurView-Bridging-Header.h */ = {isa = PBXFileReference; lastKnownFileType = sourcecode.c.h; path = "VariableBlurView-Bridging-Header.h"; sourceTree = "<group>"; };
		F7E942BD2A24F7F3007DC5B7 /* CAFilter.h */ = {isa = PBXFileReference; lastKnownFileType = sourcecode.c.h; path = CAFilter.h; sourceTree = "<group>"; };
/* End PBXFileReference section */

/* Begin PBXFrameworksBuildPhase section */
		F7E942A62A24F7C8007DC5B7 /* Frameworks */ = {
			isa = PBXFrameworksBuildPhase;
			buildActionMask = 2147483647;
			files = (
			);
			runOnlyForDeploymentPostprocessing = 0;
		};
/* End PBXFrameworksBuildPhase section */

/* Begin PBXGroup section */
		F7E942A02A24F7C8007DC5B7 = {
			isa = PBXGroup;
			children = (
				F7E942AB2A24F7C8007DC5B7 /* VariableBlurView */,
				F7E942AA2A24F7C8007DC5B7 /* Products */,
			);
			sourceTree = "<group>";
		};
		F7E942AA2A24F7C8007DC5B7 /* Products */ = {
			isa = PBXGroup;
			children = (
				F7E942A92A24F7C8007DC5B7 /* VariableBlurView.app */,
			);
			name = Products;
			sourceTree = "<group>";
		};
		F7E942AB2A24F7C8007DC5B7 /* VariableBlurView */ = {
			isa = PBXGroup;
			children = (
				F7E942AC2A24F7C8007DC5B7 /* VariableBlurViewApp.swift */,
				F7E942AE2A24F7C8007DC5B7 /* ContentView.swift */,
				F7E942BD2A24F7F3007DC5B7 /* CAFilter.h */,
				F7E942BC2A24F7F3007DC5B7 /* VariableBlurView-Bridging-Header.h */,
				F7E942B02A24F7CA007DC5B7 /* Assets.xcassets */,
				F7E942B22A24F7CA007DC5B7 /* Preview Content */,
			);
			path = VariableBlurView;
			sourceTree = "<group>";
		};
		F7E942B22A24F7CA007DC5B7 /* Preview Content */ = {
			isa = PBXGroup;
			children = (
				F7E942B32A24F7CA007DC5B7 /* Preview Assets.xcassets */,
			);
			path = "Preview Content";
			sourceTree = "<group>";
		};
/* End PBXGroup section */

/* Begin PBXNativeTarget section */
		F7E942A82A24F7C8007DC5B7 /* VariableBlurView */ = {
			isa = PBXNativeTarget;
			buildConfigurationList = F7E942B72A24F7CA007DC5B7 /* Build configuration list for PBXNativeTarget "VariableBlurView" */;
			buildPhases = (
				F7E942A52A24F7C8007DC5B7 /* Sources */,
				F7E942A62A24F7C8007DC5B7 /* Frameworks */,
				F7E942A72A24F7C8007DC5B7 /* Resources */,
			);
			buildRules = (
			);
			dependencies = (
			);
			name = VariableBlurView;
			productName = VariableBlurView;
			productReference = F7E942A92A24F7C8007DC5B7 /* VariableBlurView.app */;
			productType = "com.apple.product-type.application";
		};
/* End PBXNativeTarget section */

/* Begin PBXProject section */
		F7E942A12A24F7C8007DC5B7 /* Project object */ = {
			isa = PBXProject;
			attributes = {
				BuildIndependentTargetsInParallel = 1;
				LastSwiftUpdateCheck = 1430;
				LastUpgradeCheck = 1430;
				TargetAttributes = {
					F7E942A82A24F7C8007DC5B7 = {
						CreatedOnToolsVersion = 14.3;
						LastSwiftMigration = 1430;
					};
				};
			};
			buildConfigurationList = F7E942A42A24F7C8007DC5B7 /* Build configuration list for PBXProject "VariableBlurView" */;
			compatibilityVersion = "Xcode 14.0";
			developmentRegion = en;
			hasScannedForEncodings = 0;
			knownRegions = (
				en,
				Base,
			);
			mainGroup = F7E942A02A24F7C8007DC5B7;
			productRefGroup = F7E942AA2A24F7C8007DC5B7 /* Products */;
			projectDirPath = "";
			projectRoot = "";
			targets = (
				F7E942A82A24F7C8007DC5B7 /* VariableBlurView */,
			);
		};
/* End PBXProject section */

/* Begin PBXResourcesBuildPhase section */
		F7E942A72A24F7C8007DC5B7 /* Resources */ = {
			isa = PBXResourcesBuildPhase;
			buildActionMask = 2147483647;
			files = (
				F7E942B42A24F7CA007DC5B7 /* Preview Assets.xcassets in Resources */,
				F7E942B12A24F7CA007DC5B7 /* Assets.xcassets in Resources */,
			);
			runOnlyForDeploymentPostprocessing = 0;
		};
/* End PBXResourcesBuildPhase section */

/* Begin PBXSourcesBuildPhase section */
		F7E942A52A24F7C8007DC5B7 /* Sources */ = {
			isa = PBXSourcesBuildPhase;
			buildActionMask = 2147483647;
			files = (
				F7E942AF2A24F7C8007DC5B7 /* ContentView.swift in Sources */,
				F7E942AD2A24F7C8007DC5B7 /* VariableBlurViewApp.swift in Sources */,
			);
			runOnlyForDeploymentPostprocessing = 0;
		};
/* End PBXSourcesBuildPhase section */

/* Begin XCBuildConfiguration section */
		F7E942B52A24F7CA007DC5B7 /* Debug */ = {
			isa = XCBuildConfiguration;
			buildSettings = {
				ALWAYS_SEARCH_USER_PATHS = NO;
				CLANG_ANALYZER_NONNULL = YES;
				CLANG_ANALYZER_NUMBER_OBJECT_CONVERSION = YES_AGGRESSIVE;
				CLANG_CXX_LANGUAGE_STANDARD = "gnu++20";
				CLANG_ENABLE_MODULES = YES;
				CLANG_ENABLE_OBJC_ARC = YES;
				CLANG_ENABLE_OBJC_WEAK = YES;
				CLANG_WARN_BLOCK_CAPTURE_AUTORELEASING = YES;
				CLANG_WARN_BOOL_CONVERSION = YES;
				CLANG_WARN_COMMA = YES;
				CLANG_WARN_CONSTANT_CONVERSION = YES;
				CLANG_WARN_DEPRECATED_OBJC_IMPLEMENTATIONS = YES;
				CLANG_WARN_DIRECT_OBJC_ISA_USAGE = YES_ERROR;
				CLANG_WARN_DOCUMENTATION_COMMENTS = YES;
				CLANG_WARN_EMPTY_BODY = YES;
				CLANG_WARN_ENUM_CONVERSION = YES;
				CLANG_WARN_INFINITE_RECURSION = YES;
				CLANG_WARN_INT_CONVERSION = YES;
				CLANG_WARN_NON_LITERAL_NULL_CONVERSION = YES;
				CLANG_WARN_OBJC_IMPLICIT_RETAIN_SELF = YES;
				CLANG_WARN_OBJC_LITERAL_CONVERSION = YES;
				CLANG_WARN_OBJC_ROOT_CLASS = YES_ERROR;
				CLANG_WARN_QUOTED_INCLUDE_IN_FRAMEWORK_HEADER = YES;
				CLANG_WARN_RANGE_LOOP_ANALYSIS = YES;
				CLANG_WARN_STRICT_PROTOTYPES = YES;
				CLANG_WARN_SUSPICIOUS_MOVE = YES;
				CLANG_WARN_UNGUARDED_AVAILABILITY = YES_AGGRESSIVE;
				CLANG_WARN_UNREACHABLE_CODE = YES;
				CLANG_WARN__DUPLICATE_METHOD_MATCH = YES;
				COPY_PHASE_STRIP = NO;
				DEBUG_INFORMATION_FORMAT = dwarf;
				ENABLE_STRICT_OBJC_MSGSEND = YES;
				ENABLE_TESTABILITY = YES;
				GCC_C_LANGUAGE_STANDARD = gnu11;
				GCC_DYNAMIC_NO_PIC = NO;
				GCC_NO_COMMON_BLOCKS = YES;
				GCC_OPTIMIZATION_LEVEL = 0;
				GCC_PREPROCESSOR_DEFINITIONS = (
					"DEBUG=1",
					"$(inherited)",
				);
				GCC_WARN_64_TO_32_BIT_CONVERSION = YES;
				GCC_WARN_ABOUT_RETURN_TYPE = YES_ERROR;
				GCC_WARN_UNDECLARED_SELECTOR = YES;
				GCC_WARN_UNINITIALIZED_AUTOS = YES_AGGRESSIVE;
				GCC_WARN_UNUSED_FUNCTION = YES;
				GCC_WARN_UNUSED_VARIABLE = YES;
				IPHONEOS_DEPLOYMENT_TARGET = 16.4;
				MTL_ENABLE_DEBUG_INFO = INCLUDE_SOURCE;
				MTL_FAST_MATH = YES;
				ONLY_ACTIVE_ARCH = YES;
				SDKROOT = iphoneos;
				SWIFT_ACTIVE_COMPILATION_CONDITIONS = DEBUG;
				SWIFT_OPTIMIZATION_LEVEL = "-Onone";
			};
			name = Debug;
		};
		F7E942B62A24F7CA007DC5B7 /* Release */ = {
			isa = XCBuildConfiguration;
			buildSettings = {
				ALWAYS_SEARCH_USER_PATHS = NO;
				CLANG_ANALYZER_NONNULL = YES;
				CLANG_ANALYZER_NUMBER_OBJECT_CONVERSION = YES_AGGRESSIVE;
				CLANG_CXX_LANGUAGE_STANDARD = "gnu++20";
				CLANG_ENABLE_MODULES = YES;
				CLANG_ENABLE_OBJC_ARC = YES;
				CLANG_ENABLE_OBJC_WEAK = YES;
				CLANG_WARN_BLOCK_CAPTURE_AUTORELEASING = YES;
				CLANG_WARN_BOOL_CONVERSION = YES;
				CLANG_WARN_COMMA = YES;
				CLANG_WARN_CONSTANT_CONVERSION = YES;
				CLANG_WARN_DEPRECATED_OBJC_IMPLEMENTATIONS = YES;
				CLANG_WARN_DIRECT_OBJC_ISA_USAGE = YES_ERROR;
				CLANG_WARN_DOCUMENTATION_COMMENTS = YES;
				CLANG_WARN_EMPTY_BODY = YES;
				CLANG_WARN_ENUM_CONVERSION = YES;
				CLANG_WARN_INFINITE_RECURSION = YES;
				CLANG_WARN_INT_CONVERSION = YES;
				CLANG_WARN_NON_LITERAL_NULL_CONVERSION = YES;
				CLANG_WARN_OBJC_IMPLICIT_RETAIN_SELF = YES;
				CLANG_WARN_OBJC_LITERAL_CONVERSION = YES;
				CLANG_WARN_OBJC_ROOT_CLASS = YES_ERROR;
				CLANG_WARN_QUOTED_INCLUDE_IN_FRAMEWORK_HEADER = YES;
				CLANG_WARN_RANGE_LOOP_ANALYSIS = YES;
				CLANG_WARN_STRICT_PROTOTYPES = YES;
				CLANG_WARN_SUSPICIOUS_MOVE = YES;
				CLANG_WARN_UNGUARDED_AVAILABILITY = YES_AGGRESSIVE;
				CLANG_WARN_UNREACHABLE_CODE = YES;
				CLANG_WARN__DUPLICATE_METHOD_MATCH = YES;
				COPY_PHASE_STRIP = NO;
				DEBUG_INFORMATION_FORMAT = "dwarf-with-dsym";
				ENABLE_NS_ASSERTIONS = NO;
				ENABLE_STRICT_OBJC_MSGSEND = YES;
				GCC_C_LANGUAGE_STANDARD = gnu11;
				GCC_NO_COMMON_BLOCKS = YES;
				GCC_WARN_64_TO_32_BIT_CONVERSION = YES;
				GCC_WARN_ABOUT_RETURN_TYPE = YES_ERROR;
				GCC_WARN_UNDECLARED_SELECTOR = YES;
				GCC_WARN_UNINITIALIZED_AUTOS = YES_AGGRESSIVE;
				GCC_WARN_UNUSED_FUNCTION = YES;
				GCC_WARN_UNUSED_VARIABLE = YES;
				IPHONEOS_DEPLOYMENT_TARGET = 16.4;
				MTL_ENABLE_DEBUG_INFO = NO;
				MTL_FAST_MATH = YES;
				SDKROOT = iphoneos;
				SWIFT_COMPILATION_MODE = wholemodule;
				SWIFT_OPTIMIZATION_LEVEL = "-O";
				VALIDATE_PRODUCT = YES;
			};
			name = Release;
		};
		F7E942B82A24F7CA007DC5B7 /* Debug */ = {
			isa = XCBuildConfiguration;
			buildSettings = {
				ASSETCATALOG_COMPILER_APPICON_NAME = AppIcon;
				ASSETCATALOG_COMPILER_GLOBAL_ACCENT_COLOR_NAME = AccentColor;
				CLANG_ENABLE_MODULES = YES;
				CODE_SIGN_STYLE = Automatic;
				CURRENT_PROJECT_VERSION = 1;
				DEVELOPMENT_ASSET_PATHS = "\"VariableBlurView/Preview Content\"";
				DEVELOPMENT_TEAM = GP8VNBM7WP;
				ENABLE_PREVIEWS = YES;
				GENERATE_INFOPLIST_FILE = YES;
				INFOPLIST_KEY_UIApplicationSceneManifest_Generation = YES;
				INFOPLIST_KEY_UIApplicationSupportsIndirectInputEvents = YES;
				INFOPLIST_KEY_UILaunchScreen_Generation = YES;
				INFOPLIST_KEY_UISupportedInterfaceOrientations_iPad = "UIInterfaceOrientationPortrait UIInterfaceOrientationPortraitUpsideDown UIInterfaceOrientationLandscapeLeft UIInterfaceOrientationLandscapeRight";
				INFOPLIST_KEY_UISupportedInterfaceOrientations_iPhone = "UIInterfaceOrientationPortrait UIInterfaceOrientationLandscapeLeft UIInterfaceOrientationLandscapeRight";
				LD_RUNPATH_SEARCH_PATHS = (
					"$(inherited)",
					"@executable_path/Frameworks",
				);
				MARKETING_VERSION = 1.0;
				PRODUCT_BUNDLE_IDENTIFIER = com.janumtrivedi.VariableBlurView;
				PRODUCT_NAME = "$(TARGET_NAME)";
				SWIFT_EMIT_LOC_STRINGS = YES;
				SWIFT_OBJC_BRIDGING_HEADER = "VariableBlurView/VariableBlurView-Bridging-Header.h";
				SWIFT_OPTIMIZATION_LEVEL = "-Onone";
				SWIFT_VERSION = 5.0;
				TARGETED_DEVICE_FAMILY = "1,2";
			};
			name = Debug;
		};
		F7E942B92A24F7CA007DC5B7 /* Release */ = {
			isa = XCBuildConfiguration;
			buildSettings = {
				ASSETCATALOG_COMPILER_APPICON_NAME = AppIcon;
				ASSETCATALOG_COMPILER_GLOBAL_ACCENT_COLOR_NAME = AccentColor;
				CLANG_ENABLE_MODULES = YES;
				CODE_SIGN_STYLE = Automatic;
				CURRENT_PROJECT_VERSION = 1;
				DEVELOPMENT_ASSET_PATHS = "\"VariableBlurView/Preview Content\"";
				DEVELOPMENT_TEAM = GP8VNBM7WP;
				ENABLE_PREVIEWS = YES;
				GENERATE_INFOPLIST_FILE = YES;
				INFOPLIST_KEY_UIApplicationSceneManifest_Generation = YES;
				INFOPLIST_KEY_UIApplicationSupportsIndirectInputEvents = YES;
				INFOPLIST_KEY_UILaunchScreen_Generation = YES;
				INFOPLIST_KEY_UISupportedInterfaceOrientations_iPad = "UIInterfaceOrientationPortrait UIInterfaceOrientationPortraitUpsideDown UIInterfaceOrientationLandscapeLeft UIInterfaceOrientationLandscapeRight";
				INFOPLIST_KEY_UISupportedInterfaceOrientations_iPhone = "UIInterfaceOrientationPortrait UIInterfaceOrientationLandscapeLeft UIInterfaceOrientationLandscapeRight";
				LD_RUNPATH_SEARCH_PATHS = (
					"$(inherited)",
					"@executable_path/Frameworks",
				);
				MARKETING_VERSION = 1.0;
				PRODUCT_BUNDLE_IDENTIFIER = com.janumtrivedi.VariableBlurView;
				PRODUCT_NAME = "$(TARGET_NAME)";
				SWIFT_EMIT_LOC_STRINGS = YES;
				SWIFT_OBJC_BRIDGING_HEADER = "VariableBlurView/VariableBlurView-Bridging-Header.h";
				SWIFT_VERSION = 5.0;
				TARGETED_DEVICE_FAMILY = "1,2";
			};
			name = Release;
		};
/* End XCBuildConfiguration section */

/* Begin XCConfigurationList section */
		F7E942A42A24F7C8007DC5B7 /* Build configuration list for PBXProject "VariableBlurView" */ = {
			isa = XCConfigurationList;
			buildConfigurations = (
				F7E942B52A24F7CA007DC5B7 /* Debug */,
				F7E942B62A24F7CA007DC5B7 /* Release */,
			);
			defaultConfigurationIsVisible = 0;
			defaultConfigurationName = Release;
		};
		F7E942B72A24F7CA007DC5B7 /* Build configuration list for PBXNativeTarget "VariableBlurView" */ = {
			isa = XCConfigurationList;
			buildConfigurations = (
				F7E942B82A24F7CA007DC5B7 /* Debug */,
				F7E942B92A24F7CA007DC5B7 /* Release */,
			);
			defaultConfigurationIsVisible = 0;
			defaultConfigurationName = Release;
		};
/* End XCConfigurationList section */
	};
	rootObject = F7E942A12A24F7C8007DC5B7 /* Project object */;
}
